
Microsoft Visual Studio Solution File, Format Version 12.00
# Visual Studio Version 17
VisualStudioVersion = 17.12.35707.178 d17.12
MinimumVisualStudioVersion = 10.0.40219.1
Project("{FAE04EC0-301F-11D3-BF4B-00C04F79EFBC}") = "Piped Streams - Inter-Thread Communication", "Piped Streams - Inter-Thread Communication.csproj", "{30E57B8A-45E7-4645-8A69-A0A507E95ECE}"
EndProject
Global
	GlobalSection(SolutionConfigurationPlatforms) = preSolution
		Debug|Any CPU = Debug|Any CPU
		Release|Any CPU = Release|Any CPU
	EndGlobalSection
	GlobalSection(ProjectConfigurationPlatforms) = postSolution
		{30E57B8A-45E7-4645-8A69-A0A507E95ECE}.Debug|Any CPU.ActiveCfg = Debug|Any CPU
		{30E57B8A-45E7-4645-8A69-A0A507E95ECE}.Debug|Any CPU.Build.0 = Debug|Any CPU
		{30E57B8A-45E7-4645-8A69-A0A507E95ECE}.Release|Any CPU.ActiveCfg = Release|Any CPU
		{30E57B8A-45E7-4645-8A69-A0A507E95ECE}.Release|Any CPU.Build.0 = Release|Any CPU
	EndGlobalSection
	GlobalSection(SolutionProperties) = preSolution
		HideSolutionNode = FALSE
	EndGlobalSection
EndGlobal
